
Microsoft Visual Studio Solution File, Format Version 12.00
# Visual Studio 14
VisualStudioVersion = 14.0.24720.0
MinimumVisualStudioVersion = 10.0.40219.1
Project("{FAE04EC0-301F-11D3-BF4B-00C04F79EFBC}") = "Jack", "Jack\Jack.csproj", "{8E1C3B15-E7DE-491C-84CA-3810617512BB}"
EndProject
Project("{FAE04EC0-301F-11D3-BF4B-00C04F79EFBC}") = "Jack.Simulator", "Simulator\Jack.Simulator.csproj", "{D1199410-F8A7-48FD-A95D-EE65E27CEF3E}"
EndProject
Project("{FAE04EC0-301F-11D3-BF4B-00C04F79EFBC}") = "ConsoleRunner", "ConsoleRunner\ConsoleRunner.csproj", "{36DBF68D-1B31-4814-9990-6B99F4C0E2C2}"
EndProject
Project("{FAE04EC0-301F-11D3-BF4B-00C04F79EFBC}") = "Jack.Environment", "Environment\Jack.Environment.csproj", "{0F93A06F-D248-410F-84C4-41CD3B73A5DE}"
EndProject
Project("{FAE04EC0-301F-11D3-BF4B-00C04F79EFBC}") = "Jack.Model", "Model\Jack.Model.csproj", "{43A0802F-3A98-46AF-BB64-F6C8250324A0}"
EndProject
Project("{FAE04EC0-301F-11D3-BF4B-00C04F79EFBC}") = "Jack.Utility", "Utility\Jack.Utility.csproj", "{54D16A7D-C918-4B15-A06C-778463373C85}"
EndProject
Project("{FAE04EC0-301F-11D3-BF4B-00C04F79EFBC}") = "Jack.Model.Test", "Jack.Model.Test\Jack.Model.Test.csproj", "{FEEBDC54-E3CB-4918-9861-C1C3554115D3}"
EndProject
Global
	GlobalSection(SolutionConfigurationPlatforms) = preSolution
		Debug|Any CPU = Debug|Any CPU
		Release|Any CPU = Release|Any CPU
	EndGlobalSection
	GlobalSection(ProjectConfigurationPlatforms) = postSolution
		{8E1C3B15-E7DE-491C-84CA-3810617512BB}.Debug|Any CPU.ActiveCfg = Debug|Any CPU
		{8E1C3B15-E7DE-491C-84CA-3810617512BB}.Debug|Any CPU.Build.0 = Debug|Any CPU
		{8E1C3B15-E7DE-491C-84CA-3810617512BB}.Release|Any CPU.ActiveCfg = Release|Any CPU
		{8E1C3B15-E7DE-491C-84CA-3810617512BB}.Release|Any CPU.Build.0 = Release|Any CPU
		{D1199410-F8A7-48FD-A95D-EE65E27CEF3E}.Debug|Any CPU.ActiveCfg = Debug|Any CPU
		{D1199410-F8A7-48FD-A95D-EE65E27CEF3E}.Debug|Any CPU.Build.0 = Debug|Any CPU
		{D1199410-F8A7-48FD-A95D-EE65E27CEF3E}.Release|Any CPU.ActiveCfg = Release|Any CPU
		{D1199410-F8A7-48FD-A95D-EE65E27CEF3E}.Release|Any CPU.Build.0 = Release|Any CPU
		{36DBF68D-1B31-4814-9990-6B99F4C0E2C2}.Debug|Any CPU.ActiveCfg = Debug|Any CPU
		{36DBF68D-1B31-4814-9990-6B99F4C0E2C2}.Debug|Any CPU.Build.0 = Debug|Any CPU
		{36DBF68D-1B31-4814-9990-6B99F4C0E2C2}.Release|Any CPU.ActiveCfg = Release|Any CPU
		{36DBF68D-1B31-4814-9990-6B99F4C0E2C2}.Release|Any CPU.Build.0 = Release|Any CPU
		{0F93A06F-D248-410F-84C4-41CD3B73A5DE}.Debug|Any CPU.ActiveCfg = Debug|Any CPU
		{0F93A06F-D248-410F-84C4-41CD3B73A5DE}.Debug|Any CPU.Build.0 = Debug|Any CPU
		{0F93A06F-D248-410F-84C4-41CD3B73A5DE}.Release|Any CPU.ActiveCfg = Release|Any CPU
		{0F93A06F-D248-410F-84C4-41CD3B73A5DE}.Release|Any CPU.Build.0 = Release|Any CPU
		{43A0802F-3A98-46AF-BB64-F6C8250324A0}.Debug|Any CPU.ActiveCfg = Debug|Any CPU
		{43A0802F-3A98-46AF-BB64-F6C8250324A0}.Debug|Any CPU.Build.0 = Debug|Any CPU
		{43A0802F-3A98-46AF-BB64-F6C8250324A0}.Release|Any CPU.ActiveCfg = Release|Any CPU
		{43A0802F-3A98-46AF-BB64-F6C8250324A0}.Release|Any CPU.Build.0 = Release|Any CPU
		{54D16A7D-C918-4B15-A06C-778463373C85}.Debug|Any CPU.ActiveCfg = Debug|Any CPU
		{54D16A7D-C918-4B15-A06C-778463373C85}.Debug|Any CPU.Build.0 = Debug|Any CPU
		{54D16A7D-C918-4B15-A06C-778463373C85}.Release|Any CPU.ActiveCfg = Release|Any CPU
		{54D16A7D-C918-4B15-A06C-778463373C85}.Release|Any CPU.Build.0 = Release|Any CPU
		{FEEBDC54-E3CB-4918-9861-C1C3554115D3}.Debug|Any CPU.ActiveCfg = Debug|Any CPU
		{FEEBDC54-E3CB-4918-9861-C1C3554115D3}.Debug|Any CPU.Build.0 = Debug|Any CPU
		{FEEBDC54-E3CB-4918-9861-C1C3554115D3}.Release|Any CPU.ActiveCfg = Release|Any CPU
		{FEEBDC54-E3CB-4918-9861-C1C3554115D3}.Release|Any CPU.Build.0 = Release|Any CPU
	EndGlobalSection
	GlobalSection(SolutionProperties) = preSolution
		HideSolutionNode = FALSE
	EndGlobalSection
EndGlobal
